// !$*UTF8*$!
{
	archiveVersion = 1;
	classes = {
	};
	objectVersion = 46;
	objects = {

/* Begin PBXBuildFile section */
		0FB23A8B1A1BC62B006937FC /* MainScreenTableViewCell.m in Sources */ = {isa = PBXBuildFile; fileRef = 0FB23A8A1A1BC62B006937FC /* MainScreenTableViewCell.m */; };
		6B159D7A1A1C9A56008B6E87 /* CoreLocation.framework in Frameworks */ = {isa = PBXBuildFile; fileRef = 6B159D791A1C9A56008B6E87 /* CoreLocation.framework */; };
		6B2BCD5E1A1A0F960028D939 /* RestaurantModel.m in Sources */ = {isa = PBXBuildFile; fileRef = 6B2BCD5D1A1A0F960028D939 /* RestaurantModel.m */; };
		6B2BCD611A1A12800028D939 /* RestaurantParser.m in Sources */ = {isa = PBXBuildFile; fileRef = 6B2BCD601A1A12800028D939 /* RestaurantParser.m */; };
		6B2BCD641A1A277F0028D939 /* RestaurantCategoryModel.m in Sources */ = {isa = PBXBuildFile; fileRef = 6B2BCD631A1A277F0028D939 /* RestaurantCategoryModel.m */; };
		6B78CE931A1F013A00E0BE30 /* default.png in Resources */ = {isa = PBXBuildFile; fileRef = 6B78CE911A1F013A00E0BE30 /* default.png */; };
		6B78CE941A1F013A00E0BE30 /* locationpin.png in Resources */ = {isa = PBXBuildFile; fileRef = 6B78CE921A1F013A00E0BE30 /* locationpin.png */; };
		6B78CE961A1F018B00E0BE30 /* document.json in Resources */ = {isa = PBXBuildFile; fileRef = 6B78CE951A1F018B00E0BE30 /* document.json */; };
		6B78CEB91A1F4A1400E0BE30 /* MKAnnotationView+WebCache.m in Sources */ = {isa = PBXBuildFile; fileRef = 6B78CE991A1F4A1400E0BE30 /* MKAnnotationView+WebCache.m */; };
		6B78CEBA1A1F4A1400E0BE30 /* NSData+ImageContentType.m in Sources */ = {isa = PBXBuildFile; fileRef = 6B78CE9B1A1F4A1400E0BE30 /* NSData+ImageContentType.m */; };
		6B78CEBB1A1F4A1400E0BE30 /* SDImageCache.m in Sources */ = {isa = PBXBuildFile; fileRef = 6B78CE9D1A1F4A1400E0BE30 /* SDImageCache.m */; };
		6B78CEBC1A1F4A1400E0BE30 /* SDWebImageCompat.m in Sources */ = {isa = PBXBuildFile; fileRef = 6B78CE9F1A1F4A1400E0BE30 /* SDWebImageCompat.m */; };
		6B78CEBD1A1F4A1400E0BE30 /* SDWebImageDecoder.m in Sources */ = {isa = PBXBuildFile; fileRef = 6B78CEA11A1F4A1400E0BE30 /* SDWebImageDecoder.m */; };
		6B78CEBE1A1F4A1400E0BE30 /* SDWebImageDownloader.m in Sources */ = {isa = PBXBuildFile; fileRef = 6B78CEA31A1F4A1400E0BE30 /* SDWebImageDownloader.m */; };
		6B78CEBF1A1F4A1400E0BE30 /* SDWebImageDownloaderOperation.m in Sources */ = {isa = PBXBuildFile; fileRef = 6B78CEA51A1F4A1400E0BE30 /* SDWebImageDownloaderOperation.m */; };
		6B78CEC01A1F4A1400E0BE30 /* SDWebImageManager.m in Sources */ = {isa = PBXBuildFile; fileRef = 6B78CEA71A1F4A1400E0BE30 /* SDWebImageManager.m */; };
		6B78CEC11A1F4A1400E0BE30 /* SDWebImagePrefetcher.m in Sources */ = {isa = PBXBuildFile; fileRef = 6B78CEAA1A1F4A1400E0BE30 /* SDWebImagePrefetcher.m */; };
		6B78CEC21A1F4A1400E0BE30 /* UIButton+WebCache.m in Sources */ = {isa = PBXBuildFile; fileRef = 6B78CEAC1A1F4A1400E0BE30 /* UIButton+WebCache.m */; };
		6B78CEC31A1F4A1400E0BE30 /* UIImage+GIF.m in Sources */ = {isa = PBXBuildFile; fileRef = 6B78CEAE1A1F4A1400E0BE30 /* UIImage+GIF.m */; };
		6B78CEC41A1F4A1400E0BE30 /* UIImage+MultiFormat.m in Sources */ = {isa = PBXBuildFile; fileRef = 6B78CEB01A1F4A1400E0BE30 /* UIImage+MultiFormat.m */; };
		6B78CEC51A1F4A1400E0BE30 /* UIImage+WebP.m in Sources */ = {isa = PBXBuildFile; fileRef = 6B78CEB21A1F4A1400E0BE30 /* UIImage+WebP.m */; };
		6B78CEC61A1F4A1400E0BE30 /* UIImageView+HighlightedWebCache.m in Sources */ = {isa = PBXBuildFile; fileRef = 6B78CEB41A1F4A1400E0BE30 /* UIImageView+HighlightedWebCache.m */; };
		6B78CEC71A1F4A1400E0BE30 /* UIImageView+WebCache.m in Sources */ = {isa = PBXBuildFile; fileRef = 6B78CEB61A1F4A1400E0BE30 /* UIImageView+WebCache.m */; };
		6B78CEC81A1F4A1400E0BE30 /* UIView+WebCacheOperation.m in Sources */ = {isa = PBXBuildFile; fileRef = 6B78CEB81A1F4A1400E0BE30 /* UIView+WebCacheOperation.m */; };
		6B8F38CA1A19C58C00721781 /* main.m in Sources */ = {isa = PBXBuildFile; fileRef = 6B8F38C91A19C58C00721781 /* main.m */; };
		6B8F38CD1A19C58C00721781 /* AppDelegate.m in Sources */ = {isa = PBXBuildFile; fileRef = 6B8F38CC1A19C58C00721781 /* AppDelegate.m */; };
		6B8F38D01A19C58C00721781 /* ViewController.m in Sources */ = {isa = PBXBuildFile; fileRef = 6B8F38CF1A19C58C00721781 /* ViewController.m */; };
		6B8F38D31A19C58C00721781 /* Main.storyboard in Resources */ = {isa = PBXBuildFile; fileRef = 6B8F38D11A19C58C00721781 /* Main.storyboard */; };
		6B8F38D51A19C58C00721781 /* Images.xcassets in Resources */ = {isa = PBXBuildFile; fileRef = 6B8F38D41A19C58C00721781 /* Images.xcassets */; };
		6B8F38D81A19C58C00721781 /* LaunchScreen.xib in Resources */ = {isa = PBXBuildFile; fileRef = 6B8F38D61A19C58C00721781 /* LaunchScreen.xib */; };
		6B8F38E41A19C58D00721781 /* CITASKTests.m in Sources */ = {isa = PBXBuildFile; fileRef = 6B8F38E31A19C58D00721781 /* CITASKTests.m */; };
/* End PBXBuildFile section */

/* Begin PBXContainerItemProxy section */
		6B8F38DE1A19C58D00721781 /* PBXContainerItemProxy */ = {
			isa = PBXContainerItemProxy;
			containerPortal = 6B8F38BC1A19C58C00721781 /* Project object */;
			proxyType = 1;
			remoteGlobalIDString = 6B8F38C31A19C58C00721781;
			remoteInfo = CITASK;
		};
/* End PBXContainerItemProxy section */

/* Begin PBXFileReference section */
		0FB23A891A1BC62B006937FC /* MainScreenTableViewCell.h */ = {isa = PBXFileReference; fileEncoding = 4; lastKnownFileType = sourcecode.c.h; path = MainScreenTableViewCell.h; sourceTree = "<group>"; };
		0FB23A8A1A1BC62B006937FC /* MainScreenTableViewCell.m */ = {isa = PBXFileReference; fileEncoding = 4; lastKnownFileType = sourcecode.c.objc; path = MainScreenTableViewCell.m; sourceTree = "<group>"; };
		6B159D791A1C9A56008B6E87 /* CoreLocation.framework */ = {isa = PBXFileReference; lastKnownFileType = wrapper.framework; name = CoreLocation.framework; path = System/Library/Frameworks/CoreLocation.framework; sourceTree = SDKROOT; };
		6B2BCD5C1A1A0F960028D939 /* RestaurantModel.h */ = {isa = PBXFileReference; fileEncoding = 4; lastKnownFileType = sourcecode.c.h; path = RestaurantModel.h; sourceTree = "<group>"; };
		6B2BCD5D1A1A0F960028D939 /* RestaurantModel.m */ = {isa = PBXFileReference; fileEncoding = 4; lastKnownFileType = sourcecode.c.objc; path = RestaurantModel.m; sourceTree = "<group>"; };
		6B2BCD5F1A1A12800028D939 /* RestaurantParser.h */ = {isa = PBXFileReference; fileEncoding = 4; lastKnownFileType = sourcecode.c.h; path = RestaurantParser.h; sourceTree = "<group>"; };
		6B2BCD601A1A12800028D939 /* RestaurantParser.m */ = {isa = PBXFileReference; fileEncoding = 4; lastKnownFileType = sourcecode.c.objc; path = RestaurantParser.m; sourceTree = "<group>"; };
		6B2BCD621A1A277F0028D939 /* RestaurantCategoryModel.h */ = {isa = PBXFileReference; fileEncoding = 4; lastKnownFileType = sourcecode.c.h; path = RestaurantCategoryModel.h; sourceTree = "<group>"; };
		6B2BCD631A1A277F0028D939 /* RestaurantCategoryModel.m */ = {isa = PBXFileReference; fileEncoding = 4; lastKnownFileType = sourcecode.c.objc; path = RestaurantCategoryModel.m; sourceTree = "<group>"; };
		6B78CE911A1F013A00E0BE30 /* default.png */ = {isa = PBXFileReference; lastKnownFileType = image.png; path = default.png; sourceTree = "<group>"; };
		6B78CE921A1F013A00E0BE30 /* locationpin.png */ = {isa = PBXFileReference; lastKnownFileType = image.png; path = locationpin.png; sourceTree = "<group>"; };
		6B78CE951A1F018B00E0BE30 /* document.json */ = {isa = PBXFileReference; fileEncoding = 4; lastKnownFileType = text.json; path = document.json; sourceTree = "<group>"; };
		6B78CE981A1F4A1400E0BE30 /* MKAnnotationView+WebCache.h */ = {isa = PBXFileReference; fileEncoding = 4; lastKnownFileType = sourcecode.c.h; path = "MKAnnotationView+WebCache.h"; sourceTree = "<group>"; };
		6B78CE991A1F4A1400E0BE30 /* MKAnnotationView+WebCache.m */ = {isa = PBXFileReference; fileEncoding = 4; lastKnownFileType = sourcecode.c.objc; path = "MKAnnotationView+WebCache.m"; sourceTree = "<group>"; };
		6B78CE9A1A1F4A1400E0BE30 /* NSData+ImageContentType.h */ = {isa = PBXFileReference; fileEncoding = 4; lastKnownFileType = sourcecode.c.h; path = "NSData+ImageContentType.h"; sourceTree = "<group>"; };
		6B78CE9B1A1F4A1400E0BE30 /* NSData+ImageContentType.m */ = {isa = PBXFileReference; fileEncoding = 4; lastKnownFileType = sourcecode.c.objc; path = "NSData+ImageContentType.m"; sourceTree = "<group>"; };
		6B78CE9C1A1F4A1400E0BE30 /* SDImageCache.h */ = {isa = PBXFileReference; fileEncoding = 4; lastKnownFileType = sourcecode.c.h; path = SDImageCache.h; sourceTree = "<group>"; };
		6B78CE9D1A1F4A1400E0BE30 /* SDImageCache.m */ = {isa = PBXFileReference; fileEncoding = 4; lastKnownFileType = sourcecode.c.objc; path = SDImageCache.m; sourceTree = "<group>"; };
		6B78CE9E1A1F4A1400E0BE30 /* SDWebImageCompat.h */ = {isa = PBXFileReference; fileEncoding = 4; lastKnownFileType = sourcecode.c.h; path = SDWebImageCompat.h; sourceTree = "<group>"; };
		6B78CE9F1A1F4A1400E0BE30 /* SDWebImageCompat.m */ = {isa = PBXFileReference; fileEncoding = 4; lastKnownFileType = sourcecode.c.objc; path = SDWebImageCompat.m; sourceTree = "<group>"; };
		6B78CEA01A1F4A1400E0BE30 /* SDWebImageDecoder.h */ = {isa = PBXFileReference; fileEncoding = 4; lastKnownFileType = sourcecode.c.h; path = SDWebImageDecoder.h; sourceTree = "<group>"; };
		6B78CEA11A1F4A1400E0BE30 /* SDWebImageDecoder.m */ = {isa = PBXFileReference; fileEncoding = 4; lastKnownFileType = sourcecode.c.objc; path = SDWebImageDecoder.m; sourceTree = "<group>"; };
		6B78CEA21A1F4A1400E0BE30 /* SDWebImageDownloader.h */ = {isa = PBXFileReference; fileEncoding = 4; lastKnownFileType = sourcecode.c.h; path = SDWebImageDownloader.h; sourceTree = "<group>"; };
		6B78CEA31A1F4A1400E0BE30 /* SDWebImageDownloader.m */ = {isa = PBXFileReference; fileEncoding = 4; lastKnownFileType = sourcecode.c.objc; path = SDWebImageDownloader.m; sourceTree = "<group>"; };
		6B78CEA41A1F4A1400E0BE30 /* SDWebImageDownloaderOperation.h */ = {isa = PBXFileReference; fileEncoding = 4; lastKnownFileType = sourcecode.c.h; path = SDWebImageDownloaderOperation.h; sourceTree = "<group>"; };
		6B78CEA51A1F4A1400E0BE30 /* SDWebImageDownloaderOperation.m */ = {isa = PBXFileReference; fileEncoding = 4; lastKnownFileType = sourcecode.c.objc; path = SDWebImageDownloaderOperation.m; sourceTree = "<group>"; };
		6B78CEA61A1F4A1400E0BE30 /* SDWebImageManager.h */ = {isa = PBXFileReference; fileEncoding = 4; lastKnownFileType = sourcecode.c.h; path = SDWebImageManager.h; sourceTree = "<group>"; };
		6B78CEA71A1F4A1400E0BE30 /* SDWebImageManager.m */ = {isa = PBXFileReference; fileEncoding = 4; lastKnownFileType = sourcecode.c.objc; path = SDWebImageManager.m; sourceTree = "<group>"; };
		6B78CEA81A1F4A1400E0BE30 /* SDWebImageOperation.h */ = {isa = PBXFileReference; fileEncoding = 4; lastKnownFileType = sourcecode.c.h; path = SDWebImageOperation.h; sourceTree = "<group>"; };
		6B78CEA91A1F4A1400E0BE30 /* SDWebImagePrefetcher.h */ = {isa = PBXFileReference; fileEncoding = 4; lastKnownFileType = sourcecode.c.h; path = SDWebImagePrefetcher.h; sourceTree = "<group>"; };
		6B78CEAA1A1F4A1400E0BE30 /* SDWebImagePrefetcher.m */ = {isa = PBXFileReference; fileEncoding = 4; lastKnownFileType = sourcecode.c.objc; path = SDWebImagePrefetcher.m; sourceTree = "<group>"; };
		6B78CEAB1A1F4A1400E0BE30 /* UIButton+WebCache.h */ = {isa = PBXFileReference; fileEncoding = 4; lastKnownFileType = sourcecode.c.h; path = "UIButton+WebCache.h"; sourceTree = "<group>"; };
		6B78CEAC1A1F4A1400E0BE30 /* UIButton+WebCache.m */ = {isa = PBXFileReference; fileEncoding = 4; lastKnownFileType = sourcecode.c.objc; path = "UIButton+WebCache.m"; sourceTree = "<group>"; };
		6B78CEAD1A1F4A1400E0BE30 /* UIImage+GIF.h */ = {isa = PBXFileReference; fileEncoding = 4; lastKnownFileType = sourcecode.c.h; path = "UIImage+GIF.h"; sourceTree = "<group>"; };
		6B78CEAE1A1F4A1400E0BE30 /* UIImage+GIF.m */ = {isa = PBXFileReference; fileEncoding = 4; lastKnownFileType = sourcecode.c.objc; path = "UIImage+GIF.m"; sourceTree = "<group>"; };
		6B78CEAF1A1F4A1400E0BE30 /* UIImage+MultiFormat.h */ = {isa = PBXFileReference; fileEncoding = 4; lastKnownFileType = sourcecode.c.h; path = "UIImage+MultiFormat.h"; sourceTree = "<group>"; };
		6B78CEB01A1F4A1400E0BE30 /* UIImage+MultiFormat.m */ = {isa = PBXFileReference; fileEncoding = 4; lastKnownFileType = sourcecode.c.objc; path = "UIImage+MultiFormat.m"; sourceTree = "<group>"; };
		6B78CEB11A1F4A1400E0BE30 /* UIImage+WebP.h */ = {isa = PBXFileReference; fileEncoding = 4; lastKnownFileType = sourcecode.c.h; path = "UIImage+WebP.h"; sourceTree = "<group>"; };
		6B78CEB21A1F4A1400E0BE30 /* UIImage+WebP.m */ = {isa = PBXFileReference; fileEncoding = 4; lastKnownFileType = sourcecode.c.objc; path = "UIImage+WebP.m"; sourceTree = "<group>"; };
		6B78CEB31A1F4A1400E0BE30 /* UIImageView+HighlightedWebCache.h */ = {isa = PBXFileReference; fileEncoding = 4; lastKnownFileType = sourcecode.c.h; path = "UIImageView+HighlightedWebCache.h"; sourceTree = "<group>"; };
		6B78CEB41A1F4A1400E0BE30 /* UIImageView+HighlightedWebCache.m */ = {isa = PBXFileReference; fileEncoding = 4; lastKnownFileType = sourcecode.c.objc; path = "UIImageView+HighlightedWebCache.m"; sourceTree = "<group>"; };
		6B78CEB51A1F4A1400E0BE30 /* UIImageView+WebCache.h */ = {isa = PBXFileReference; fileEncoding = 4; lastKnownFileType = sourcecode.c.h; path = "UIImageView+WebCache.h"; sourceTree = "<group>"; };
		6B78CEB61A1F4A1400E0BE30 /* UIImageView+WebCache.m */ = {isa = PBXFileReference; fileEncoding = 4; lastKnownFileType = sourcecode.c.objc; path = "UIImageView+WebCache.m"; sourceTree = "<group>"; };
		6B78CEB71A1F4A1400E0BE30 /* UIView+WebCacheOperation.h */ = {isa = PBXFileReference; fileEncoding = 4; lastKnownFileType = sourcecode.c.h; path = "UIView+WebCacheOperation.h"; sourceTree = "<group>"; };
		6B78CEB81A1F4A1400E0BE30 /* UIView+WebCacheOperation.m */ = {isa = PBXFileReference; fileEncoding = 4; lastKnownFileType = sourcecode.c.objc; path = "UIView+WebCacheOperation.m"; sourceTree = "<group>"; };
		6B8F38C41A19C58C00721781 /* CITASK.app */ = {isa = PBXFileReference; explicitFileType = wrapper.application; includeInIndex = 0; path = CITASK.app; sourceTree = BUILT_PRODUCTS_DIR; };
		6B8F38C81A19C58C00721781 /* Info.plist */ = {isa = PBXFileReference; lastKnownFileType = text.plist.xml; path = Info.plist; sourceTree = "<group>"; };
		6B8F38C91A19C58C00721781 /* main.m */ = {isa = PBXFileReference; lastKnownFileType = sourcecode.c.objc; path = main.m; sourceTree = "<group>"; };
		6B8F38CB1A19C58C00721781 /* AppDelegate.h */ = {isa = PBXFileReference; lastKnownFileType = sourcecode.c.h; name = AppDelegate.h; path = ../AppDelegate.h; sourceTree = "<group>"; };
		6B8F38CC1A19C58C00721781 /* AppDelegate.m */ = {isa = PBXFileReference; lastKnownFileType = sourcecode.c.objc; name = AppDelegate.m; path = ../AppDelegate.m; sourceTree = "<group>"; };
		6B8F38CE1A19C58C00721781 /* ViewController.h */ = {isa = PBXFileReference; lastKnownFileType = sourcecode.c.h; name = ViewController.h; path = ../ViewController.h; sourceTree = "<group>"; };
		6B8F38CF1A19C58C00721781 /* ViewController.m */ = {isa = PBXFileReference; lastKnownFileType = sourcecode.c.objc; name = ViewController.m; path = ../ViewController.m; sourceTree = "<group>"; };
		6B8F38D21A19C58C00721781 /* Base */ = {isa = PBXFileReference; lastKnownFileType = file.storyboard; name = Base; path = Base.lproj/Main.storyboard; sourceTree = "<group>"; };
		6B8F38D41A19C58C00721781 /* Images.xcassets */ = {isa = PBXFileReference; lastKnownFileType = folder.assetcatalog; path = Images.xcassets; sourceTree = "<group>"; };
		6B8F38D71A19C58C00721781 /* Base */ = {isa = PBXFileReference; lastKnownFileType = file.xib; name = Base; path = Base.lproj/LaunchScreen.xib; sourceTree = "<group>"; };
		6B8F38DD1A19C58D00721781 /* CITASKTests.xctest */ = {isa = PBXFileReference; explicitFileType = wrapper.cfbundle; includeInIndex = 0; path = CITASKTests.xctest; sourceTree = BUILT_PRODUCTS_DIR; };
		6B8F38E21A19C58D00721781 /* Info.plist */ = {isa = PBXFileReference; lastKnownFileType = text.plist.xml; path = Info.plist; sourceTree = "<group>"; };
		6B8F38E31A19C58D00721781 /* CITASKTests.m */ = {isa = PBXFileReference; lastKnownFileType = sourcecode.c.objc; path = CITASKTests.m; sourceTree = "<group>"; };
/* End PBXFileReference section */

/* Begin PBXFrameworksBuildPhase section */
		6B8F38C11A19C58C00721781 /* Frameworks */ = {
			isa = PBXFrameworksBuildPhase;
			buildActionMask = 2147483647;
			files = (
				6B159D7A1A1C9A56008B6E87 /* CoreLocation.framework in Frameworks */,
			);
			runOnlyForDeploymentPostprocessing = 0;
		};
		6B8F38DA1A19C58D00721781 /* Frameworks */ = {
			isa = PBXFrameworksBuildPhase;
			buildActionMask = 2147483647;
			files = (
			);
			runOnlyForDeploymentPostprocessing = 0;
		};
/* End PBXFrameworksBuildPhase section */

/* Begin PBXGroup section */
		6B2BCD5B1A1A0F830028D939 /* model */ = {
			isa = PBXGroup;
			children = (
				6B2BCD5C1A1A0F960028D939 /* RestaurantModel.h */,
				6B2BCD5D1A1A0F960028D939 /* RestaurantModel.m */,
				6B2BCD5F1A1A12800028D939 /* RestaurantParser.h */,
				6B2BCD601A1A12800028D939 /* RestaurantParser.m */,
				6B2BCD621A1A277F0028D939 /* RestaurantCategoryModel.h */,
				6B2BCD631A1A277F0028D939 /* RestaurantCategoryModel.m */,
			);
			name = model;
			path = Global/model;
			sourceTree = "<group>";
		};
		6B78CE971A1F4A1400E0BE30 /* SDWebImage */ = {
			isa = PBXGroup;
			children = (
				6B78CE981A1F4A1400E0BE30 /* MKAnnotationView+WebCache.h */,
				6B78CE991A1F4A1400E0BE30 /* MKAnnotationView+WebCache.m */,
				6B78CE9A1A1F4A1400E0BE30 /* NSData+ImageContentType.h */,
				6B78CE9B1A1F4A1400E0BE30 /* NSData+ImageContentType.m */,
				6B78CE9C1A1F4A1400E0BE30 /* SDImageCache.h */,
				6B78CE9D1A1F4A1400E0BE30 /* SDImageCache.m */,
				6B78CE9E1A1F4A1400E0BE30 /* SDWebImageCompat.h */,
				6B78CE9F1A1F4A1400E0BE30 /* SDWebImageCompat.m */,
				6B78CEA01A1F4A1400E0BE30 /* SDWebImageDecoder.h */,
				6B78CEA11A1F4A1400E0BE30 /* SDWebImageDecoder.m */,
				6B78CEA21A1F4A1400E0BE30 /* SDWebImageDownloader.h */,
				6B78CEA31A1F4A1400E0BE30 /* SDWebImageDownloader.m */,
				6B78CEA41A1F4A1400E0BE30 /* SDWebImageDownloaderOperation.h */,
				6B78CEA51A1F4A1400E0BE30 /* SDWebImageDownloaderOperation.m */,
				6B78CEA61A1F4A1400E0BE30 /* SDWebImageManager.h */,
				6B78CEA71A1F4A1400E0BE30 /* SDWebImageManager.m */,
				6B78CEA81A1F4A1400E0BE30 /* SDWebImageOperation.h */,
				6B78CEA91A1F4A1400E0BE30 /* SDWebImagePrefetcher.h */,
				6B78CEAA1A1F4A1400E0BE30 /* SDWebImagePrefetcher.m */,
				6B78CEAB1A1F4A1400E0BE30 /* UIButton+WebCache.h */,
				6B78CEAC1A1F4A1400E0BE30 /* UIButton+WebCache.m */,
				6B78CEAD1A1F4A1400E0BE30 /* UIImage+GIF.h */,
				6B78CEAE1A1F4A1400E0BE30 /* UIImage+GIF.m */,
				6B78CEAF1A1F4A1400E0BE30 /* UIImage+MultiFormat.h */,
				6B78CEB01A1F4A1400E0BE30 /* UIImage+MultiFormat.m */,
				6B78CEB11A1F4A1400E0BE30 /* UIImage+WebP.h */,
				6B78CEB21A1F4A1400E0BE30 /* UIImage+WebP.m */,
				6B78CEB31A1F4A1400E0BE30 /* UIImageView+HighlightedWebCache.h */,
				6B78CEB41A1F4A1400E0BE30 /* UIImageView+HighlightedWebCache.m */,
				6B78CEB51A1F4A1400E0BE30 /* UIImageView+WebCache.h */,
				6B78CEB61A1F4A1400E0BE30 /* UIImageView+WebCache.m */,
				6B78CEB71A1F4A1400E0BE30 /* UIView+WebCacheOperation.h */,
				6B78CEB81A1F4A1400E0BE30 /* UIView+WebCacheOperation.m */,
			);
			path = SDWebImage;
			sourceTree = "<group>";
		};
		6B85E8F91A1DBEB5001717AE /* SupportingFiles */ = {
			isa = PBXGroup;
			children = (
				6B78CE951A1F018B00E0BE30 /* document.json */,
				6B78CE911A1F013A00E0BE30 /* default.png */,
				6B78CE921A1F013A00E0BE30 /* locationpin.png */,
			);
			path = SupportingFiles;
			sourceTree = "<group>";
		};
		6B8F38BB1A19C58C00721781 = {
			isa = PBXGroup;
			children = (
				6B159D791A1C9A56008B6E87 /* CoreLocation.framework */,
				6B8F38C61A19C58C00721781 /* CITASK */,
				6B8F38E01A19C58D00721781 /* CITASKTests */,
				6B8F38C51A19C58C00721781 /* Products */,
			);
			sourceTree = "<group>";
		};
		6B8F38C51A19C58C00721781 /* Products */ = {
			isa = PBXGroup;
			children = (
				6B8F38C41A19C58C00721781 /* CITASK.app */,
				6B8F38DD1A19C58D00721781 /* CITASKTests.xctest */,
			);
			name = Products;
			sourceTree = "<group>";
		};
		6B8F38C61A19C58C00721781 /* CITASK */ = {
			isa = PBXGroup;
			children = (
				6B85E8F91A1DBEB5001717AE /* SupportingFiles */,
				97BE6FAF1D4B9D2A00ADB538 /* Third Party Library */,
				6B8F38F01A19C60700721781 /* Global */,
				97BE6FAE1D4B9D0B00ADB538 /* Restaurant */,
				6B8F38D11A19C58C00721781 /* Main.storyboard */,
				6B8F38D41A19C58C00721781 /* Images.xcassets */,
				6B8F38D61A19C58C00721781 /* LaunchScreen.xib */,
				6B8F38C71A19C58C00721781 /* Supporting Files */,
			);
			path = CITASK;
			sourceTree = "<group>";
		};
		6B8F38C71A19C58C00721781 /* Supporting Files */ = {
			isa = PBXGroup;
			children = (
				6B8F38C81A19C58C00721781 /* Info.plist */,
				6B8F38C91A19C58C00721781 /* main.m */,
			);
			name = "Supporting Files";
			sourceTree = "<group>";
		};
		6B8F38E01A19C58D00721781 /* CITASKTests */ = {
			isa = PBXGroup;
			children = (
				6B8F38E31A19C58D00721781 /* CITASKTests.m */,
				6B8F38E11A19C58D00721781 /* Supporting Files */,
			);
			path = CITASKTests;
			sourceTree = "<group>";
		};
		6B8F38E11A19C58D00721781 /* Supporting Files */ = {
			isa = PBXGroup;
			children = (
				6B8F38E21A19C58D00721781 /* Info.plist */,
			);
			name = "Supporting Files";
			sourceTree = "<group>";
		};
		6B8F38ED1A19C5BE00721781 /* controller */ = {
			isa = PBXGroup;
			children = (
				6B8F38CE1A19C58C00721781 /* ViewController.h */,
				6B8F38CF1A19C58C00721781 /* ViewController.m */,
			);
			path = controller;
			sourceTree = "<group>";
		};
		6B8F38EF1A19C5BE00721781 /* view */ = {
			isa = PBXGroup;
			children = (
				0FB23A891A1BC62B006937FC /* MainScreenTableViewCell.h */,
				0FB23A8A1A1BC62B006937FC /* MainScreenTableViewCell.m */,
			);
			path = view;
			sourceTree = "<group>";
		};
		6B8F38F01A19C60700721781 /* Global */ = {
			isa = PBXGroup;
			children = (
				6B8F38CB1A19C58C00721781 /* AppDelegate.h */,
				6B8F38CC1A19C58C00721781 /* AppDelegate.m */,
			);
			path = Global;
			sourceTree = "<group>";
		};
		97BE6FAE1D4B9D0B00ADB538 /* Restaurant */ = {
			isa = PBXGroup;
			children = (
				6B2BCD5B1A1A0F830028D939 /* model */,
				6B8F38ED1A19C5BE00721781 /* controller */,
				6B8F38EF1A19C5BE00721781 /* view */,
			);
			name = Restaurant;
			sourceTree = "<group>";
		};
		97BE6FAF1D4B9D2A00ADB538 /* Third Party Library */ = {
			isa = PBXGroup;
			children = (
				6B78CE971A1F4A1400E0BE30 /* SDWebImage */,
			);
			name = "Third Party Library";
			sourceTree = "<group>";
		};
/* End PBXGroup section */

/* Begin PBXNativeTarget section */
		6B8F38C31A19C58C00721781 /* CITASK */ = {
			isa = PBXNativeTarget;
			buildConfigurationList = 6B8F38E71A19C58D00721781 /* Build configuration list for PBXNativeTarget "CITASK" */;
			buildPhases = (
				6B8F38C01A19C58C00721781 /* Sources */,
				6B8F38C11A19C58C00721781 /* Frameworks */,
				6B8F38C21A19C58C00721781 /* Resources */,
			);
			buildRules = (
			);
			dependencies = (
			);
			name = CITASK;
			productName = CITASK;
			productReference = 6B8F38C41A19C58C00721781 /* CITASK.app */;
			productType = "com.apple.product-type.application";
		};
		6B8F38DC1A19C58D00721781 /* CITASKTests */ = {
			isa = PBXNativeTarget;
			buildConfigurationList = 6B8F38EA1A19C58D00721781 /* Build configuration list for PBXNativeTarget "CITASKTests" */;
			buildPhases = (
				6B8F38D91A19C58D00721781 /* Sources */,
				6B8F38DA1A19C58D00721781 /* Frameworks */,
				6B8F38DB1A19C58D00721781 /* Resources */,
			);
			buildRules = (
			);
			dependencies = (
				6B8F38DF1A19C58D00721781 /* PBXTargetDependency */,
			);
			name = CITASKTests;
			productName = CITASKTests;
			productReference = 6B8F38DD1A19C58D00721781 /* CITASKTests.xctest */;
			productType = "com.apple.product-type.bundle.unit-test";
		};
/* End PBXNativeTarget section */

/* Begin PBXProject section */
		6B8F38BC1A19C58C00721781 /* Project object */ = {
			isa = PBXProject;
			attributes = {
				LastUpgradeCheck = 0610;
				ORGANIZATIONNAME = Atit;
				TargetAttributes = {
					6B8F38C31A19C58C00721781 = {
						CreatedOnToolsVersion = 6.1;
					};
					6B8F38DC1A19C58D00721781 = {
						CreatedOnToolsVersion = 6.1;
						TestTargetID = 6B8F38C31A19C58C00721781;
					};
				};
			};
			buildConfigurationList = 6B8F38BF1A19C58C00721781 /* Build configuration list for PBXProject "CITASK" */;
			compatibilityVersion = "Xcode 3.2";
			developmentRegion = English;
			hasScannedForEncodings = 0;
			knownRegions = (
				en,
				Base,
			);
			mainGroup = 6B8F38BB1A19C58C00721781;
			productRefGroup = 6B8F38C51A19C58C00721781 /* Products */;
			projectDirPath = "";
			projectRoot = "";
			targets = (
				6B8F38C31A19C58C00721781 /* CITASK */,
				6B8F38DC1A19C58D00721781 /* CITASKTests */,
			);
		};
/* End PBXProject section */

/* Begin PBXResourcesBuildPhase section */
		6B8F38C21A19C58C00721781 /* Resources */ = {
			isa = PBXResourcesBuildPhase;
			buildActionMask = 2147483647;
			files = (
				6B8F38D31A19C58C00721781 /* Main.storyboard in Resources */,
				6B78CE941A1F013A00E0BE30 /* locationpin.png in Resources */,
				6B78CE961A1F018B00E0BE30 /* document.json in Resources */,
				6B8F38D81A19C58C00721781 /* LaunchScreen.xib in Resources */,
				6B8F38D51A19C58C00721781 /* Images.xcassets in Resources */,
				6B78CE931A1F013A00E0BE30 /* default.png in Resources */,
			);
			runOnlyForDeploymentPostprocessing = 0;
		};
		6B8F38DB1A19C58D00721781 /* Resources */ = {
			isa = PBXResourcesBuildPhase;
			buildActionMask = 2147483647;
			files = (
			);
			runOnlyForDeploymentPostprocessing = 0;
		};
/* End PBXResourcesBuildPhase section */

/* Begin PBXSourcesBuildPhase section */
		6B8F38C01A19C58C00721781 /* Sources */ = {
			isa = PBXSourcesBuildPhase;
			buildActionMask = 2147483647;
			files = (
				6B78CEC71A1F4A1400E0BE30 /* UIImageView+WebCache.m in Sources */,
				6B78CEC31A1F4A1400E0BE30 /* UIImage+GIF.m in Sources */,
				6B78CEBC1A1F4A1400E0BE30 /* SDWebImageCompat.m in Sources */,
				6B78CEC21A1F4A1400E0BE30 /* UIButton+WebCache.m in Sources */,
				6B78CEC41A1F4A1400E0BE30 /* UIImage+MultiFormat.m in Sources */,
				6B78CEC11A1F4A1400E0BE30 /* SDWebImagePrefetcher.m in Sources */,
				6B8F38D01A19C58C00721781 /* ViewController.m in Sources */,
				6B78CEC81A1F4A1400E0BE30 /* UIView+WebCacheOperation.m in Sources */,
				6B78CEB91A1F4A1400E0BE30 /* MKAnnotationView+WebCache.m in Sources */,
				6B78CEC51A1F4A1400E0BE30 /* UIImage+WebP.m in Sources */,
				6B8F38CD1A19C58C00721781 /* AppDelegate.m in Sources */,
				6B78CEBF1A1F4A1400E0BE30 /* SDWebImageDownloaderOperation.m in Sources */,
				6B78CEBD1A1F4A1400E0BE30 /* SDWebImageDecoder.m in Sources */,
				6B2BCD641A1A277F0028D939 /* RestaurantCategoryModel.m in Sources */,
				6B78CEC61A1F4A1400E0BE30 /* UIImageView+HighlightedWebCache.m in Sources */,
				6B78CEBA1A1F4A1400E0BE30 /* NSData+ImageContentType.m in Sources */,
				6B78CEBE1A1F4A1400E0BE30 /* SDWebImageDownloader.m in Sources */,
				0FB23A8B1A1BC62B006937FC /* MainScreenTableViewCell.m in Sources */,
				6B2BCD611A1A12800028D939 /* RestaurantParser.m in Sources */,
				6B2BCD5E1A1A0F960028D939 /* RestaurantModel.m in Sources */,
				6B78CEC01A1F4A1400E0BE30 /* SDWebImageManager.m in Sources */,
				6B8F38CA1A19C58C00721781 /* main.m in Sources */,
				6B78CEBB1A1F4A1400E0BE30 /* SDImageCache.m in Sources */,
			);
			runOnlyForDeploymentPostprocessing = 0;
		};
		6B8F38D91A19C58D00721781 /* Sources */ = {
			isa = PBXSourcesBuildPhase;
			buildActionMask = 2147483647;
			files = (
				6B8F38E41A19C58D00721781 /* CITASKTests.m in Sources */,
			);
			runOnlyForDeploymentPostprocessing = 0;
		};
/* End PBXSourcesBuildPhase section */

/* Begin PBXTargetDependency section */
		6B8F38DF1A19C58D00721781 /* PBXTargetDependency */ = {
			isa = PBXTargetDependency;
			target = 6B8F38C31A19C58C00721781 /* CITASK */;
			targetProxy = 6B8F38DE1A19C58D00721781 /* PBXContainerItemProxy */;
		};
/* End PBXTargetDependency section */

/* Begin PBXVariantGroup section */
		6B8F38D11A19C58C00721781 /* Main.storyboard */ = {
			isa = PBXVariantGroup;
			children = (
				6B8F38D21A19C58C00721781 /* Base */,
			);
			name = Main.storyboard;
			sourceTree = "<group>";
		};
		6B8F38D61A19C58C00721781 /* LaunchScreen.xib */ = {
			isa = PBXVariantGroup;
			children = (
				6B8F38D71A19C58C00721781 /* Base */,
			);
			name = LaunchScreen.xib;
			sourceTree = "<group>";
		};
/* End PBXVariantGroup section */

/* Begin XCBuildConfiguration section */
		6B8F38E51A19C58D00721781 /* Debug */ = {
			isa = XCBuildConfiguration;
			buildSettings = {
				ALWAYS_SEARCH_USER_PATHS = NO;
				CLANG_CXX_LANGUAGE_STANDARD = "gnu++0x";
				CLANG_CXX_LIBRARY = "libc++";
				CLANG_ENABLE_MODULES = YES;
				CLANG_ENABLE_OBJC_ARC = YES;
				CLANG_WARN_BOOL_CONVERSION = YES;
				CLANG_WARN_CONSTANT_CONVERSION = YES;
				CLANG_WARN_DIRECT_OBJC_ISA_USAGE = YES_ERROR;
				CLANG_WARN_EMPTY_BODY = YES;
				CLANG_WARN_ENUM_CONVERSION = YES;
				CLANG_WARN_INT_CONVERSION = YES;
				CLANG_WARN_OBJC_ROOT_CLASS = YES_ERROR;
				CLANG_WARN_UNREACHABLE_CODE = YES;
				CLANG_WARN__DUPLICATE_METHOD_MATCH = YES;
				"CODE_SIGN_IDENTITY[sdk=iphoneos*]" = "iPhone Developer";
				COPY_PHASE_STRIP = NO;
				ENABLE_STRICT_OBJC_MSGSEND = YES;
				GCC_C_LANGUAGE_STANDARD = gnu99;
				GCC_DYNAMIC_NO_PIC = NO;
				GCC_OPTIMIZATION_LEVEL = 0;
				GCC_PREPROCESSOR_DEFINITIONS = (
					"DEBUG=1",
					"$(inherited)",
				);
				GCC_SYMBOLS_PRIVATE_EXTERN = NO;
				GCC_WARN_64_TO_32_BIT_CONVERSION = YES;
				GCC_WARN_ABOUT_RETURN_TYPE = YES_ERROR;
				GCC_WARN_UNDECLARED_SELECTOR = YES;
				GCC_WARN_UNINITIALIZED_AUTOS = YES_AGGRESSIVE;
				GCC_WARN_UNUSED_FUNCTION = YES;
				GCC_WARN_UNUSED_VARIABLE = YES;
				IPHONEOS_DEPLOYMENT_TARGET = 7.1;
				MTL_ENABLE_DEBUG_INFO = YES;
				ONLY_ACTIVE_ARCH = YES;
				SDKROOT = iphoneos;
				TARGETED_DEVICE_FAMILY = "1,2";
			};
			name = Debug;
		};
		6B8F38E61A19C58D00721781 /* Release */ = {
			isa = XCBuildConfiguration;
			buildSettings = {
				ALWAYS_SEARCH_USER_PATHS = NO;
				CLANG_CXX_LANGUAGE_STANDARD = "gnu++0x";
				CLANG_CXX_LIBRARY = "libc++";
				CLANG_ENABLE_MODULES = YES;
				CLANG_ENABLE_OBJC_ARC = YES;
				CLANG_WARN_BOOL_CONVERSION = YES;
				CLANG_WARN_CONSTANT_CONVERSION = YES;
				CLANG_WARN_DIRECT_OBJC_ISA_USAGE = YES_ERROR;
				CLANG_WARN_EMPTY_BODY = YES;
				CLANG_WARN_ENUM_CONVERSION = YES;
				CLANG_WARN_INT_CONVERSION = YES;
				CLANG_WARN_OBJC_ROOT_CLASS = YES_ERROR;
				CLANG_WARN_UNREACHABLE_CODE = YES;
				CLANG_WARN__DUPLICATE_METHOD_MATCH = YES;
				"CODE_SIGN_IDENTITY[sdk=iphoneos*]" = "iPhone Developer";
				COPY_PHASE_STRIP = YES;
				ENABLE_NS_ASSERTIONS = NO;
				ENABLE_STRICT_OBJC_MSGSEND = YES;
				GCC_C_LANGUAGE_STANDARD = gnu99;
				GCC_WARN_64_TO_32_BIT_CONVERSION = YES;
				GCC_WARN_ABOUT_RETURN_TYPE = YES_ERROR;
				GCC_WARN_UNDECLARED_SELECTOR = YES;
				GCC_WARN_UNINITIALIZED_AUTOS = YES_AGGRESSIVE;
				GCC_WARN_UNUSED_FUNCTION = YES;
				GCC_WARN_UNUSED_VARIABLE = YES;
				IPHONEOS_DEPLOYMENT_TARGET = 7.1;
				MTL_ENABLE_DEBUG_INFO = NO;
				SDKROOT = iphoneos;
				TARGETED_DEVICE_FAMILY = "1,2";
				VALIDATE_PRODUCT = YES;
			};
			name = Release;
		};
		6B8F38E81A19C58D00721781 /* Debug */ = {
			isa = XCBuildConfiguration;
			buildSettings = {
				ASSETCATALOG_COMPILER_APPICON_NAME = AppIcon;
				INFOPLIST_FILE = CITASK/Info.plist;
				IPHONEOS_DEPLOYMENT_TARGET = 7.1;
				LD_RUNPATH_SEARCH_PATHS = "$(inherited) @executable_path/Frameworks";
				PRODUCT_NAME = "$(TARGET_NAME)";
			};
			name = Debug;
		};
		6B8F38E91A19C58D00721781 /* Release */ = {
			isa = XCBuildConfiguration;
			buildSettings = {
				ASSETCATALOG_COMPILER_APPICON_NAME = AppIcon;
				INFOPLIST_FILE = CITASK/Info.plist;
				IPHONEOS_DEPLOYMENT_TARGET = 7.1;
				LD_RUNPATH_SEARCH_PATHS = "$(inherited) @executable_path/Frameworks";
				PRODUCT_NAME = "$(TARGET_NAME)";
			};
			name = Release;
		};
		6B8F38EB1A19C58D00721781 /* Debug */ = {
			isa = XCBuildConfiguration;
			buildSettings = {
				BUNDLE_LOADER = "$(TEST_HOST)";
				FRAMEWORK_SEARCH_PATHS = (
					"$(SDKROOT)/Developer/Library/Frameworks",
					"$(inherited)",
				);
				GCC_PREPROCESSOR_DEFINITIONS = (
					"DEBUG=1",
					"$(inherited)",
				);
				INFOPLIST_FILE = CITASKTests/Info.plist;
				LD_RUNPATH_SEARCH_PATHS = "$(inherited) @executable_path/Frameworks @loader_path/Frameworks";
				PRODUCT_NAME = "$(TARGET_NAME)";
				TEST_HOST = "$(BUILT_PRODUCTS_DIR)/CITASK.app/CITASK";
			};
			name = Debug;
		};
		6B8F38EC1A19C58D00721781 /* Release */ = {
			isa = XCBuildConfiguration;
			buildSettings = {
				BUNDLE_LOADER = "$(TEST_HOST)";
				FRAMEWORK_SEARCH_PATHS = (
					"$(SDKROOT)/Developer/Library/Frameworks",
					"$(inherited)",
				);
				INFOPLIST_FILE = CITASKTests/Info.plist;
				LD_RUNPATH_SEARCH_PATHS = "$(inherited) @executable_path/Frameworks @loader_path/Frameworks";
				PRODUCT_NAME = "$(TARGET_NAME)";
				TEST_HOST = "$(BUILT_PRODUCTS_DIR)/CITASK.app/CITASK";
			};
			name = Release;
		};
/* End XCBuildConfiguration section */

/* Begin XCConfigurationList section */
		6B8F38BF1A19C58C00721781 /* Build configuration list for PBXProject "CITASK" */ = {
			isa = XCConfigurationList;
			buildConfigurations = (
				6B8F38E51A19C58D00721781 /* Debug */,
				6B8F38E61A19C58D00721781 /* Release */,
			);
			defaultConfigurationIsVisible = 0;
			defaultConfigurationName = Release;
		};
		6B8F38E71A19C58D00721781 /* Build configuration list for PBXNativeTarget "CITASK" */ = {
			isa = XCConfigurationList;
			buildConfigurations = (
				6B8F38E81A19C58D00721781 /* Debug */,
				6B8F38E91A19C58D00721781 /* Release */,
			);
			defaultConfigurationIsVisible = 0;
			defaultConfigurationName = Release;
		};
		6B8F38EA1A19C58D00721781 /* Build configuration list for PBXNativeTarget "CITASKTests" */ = {
			isa = XCConfigurationList;
			buildConfigurations = (
				6B8F38EB1A19C58D00721781 /* Debug */,
				6B8F38EC1A19C58D00721781 /* Release */,
			);
			defaultConfigurationIsVisible = 0;
			defaultConfigurationName = Release;
		};
/* End XCConfigurationList section */
	};
	rootObject = 6B8F38BC1A19C58C00721781 /* Project object */;
}
